PODS:
  - GoogleAds-IMA-iOS-SDK (3.11.3)
  - Mux-Stats-Core (2.3.0)

DEPENDENCIES:
  - GoogleAds-IMA-iOS-SDK (~> 3.9)
  - Mux-Stats-Core (from `https://github.com/muxinc/stats-sdk-objc.git`, branch `catalyst`)

SPEC REPOS:
  trunk:
    - GoogleAds-IMA-iOS-SDK

EXTERNAL SOURCES:
  Mux-Stats-Core:
    :branch: catalyst
    :git: https://github.com/muxinc/stats-sdk-objc.git

CHECKOUT OPTIONS:
  Mux-Stats-Core:
    :commit: 73840a2e91993ddd0de670d570c3411b811431c1
    :git: https://github.com/muxinc/stats-sdk-objc.git

SPEC CHECKSUMS:
  GoogleAds-IMA-iOS-SDK: 134b35758455576aaa6b3d2d3146699dcf8af4f1
  Mux-Stats-Core: 1352ffdb1875494013fbd1ef4a68deccc4939047

PODFILE CHECKSUM: 033c098f32cdab989b9970cee163ba0ee6636c65

COCOAPODS: 1.9.3
